PODS:
  - Swiftest (0.0.2)
  - UIKitExtensions (0.0.4):
    - Swiftest

DEPENDENCIES:
  - Swiftest (from `https://github.com/Appsaurus/Swiftest`)
  - UIKitExtensions (from `https://github.com/Appsaurus/UIKitExtensions`)

EXTERNAL SOURCES:
  Swiftest:
    :git: https://github.com/Appsaurus/Swiftest
  UIKitExtensions:
    :git: https://github.com/Appsaurus/UIKitExtensions

CHECKOUT OPTIONS:
  Swiftest:
    :commit: cd7ba87eda65d91b4e9a65be791517677149972a
    :git: https://github.com/Appsaurus/Swiftest
  UIKitExtensions:
    :commit: e66a86e6546cb6af0e36b3aec0ea8299996bb670
    :git: https://github.com/Appsaurus/UIKitExtensions

SPEC CHECKSUMS:
  Swiftest: d63bb5f7427ebfd10753609d834219db97b63441
  UIKitExtensions: 8d4bac3f1cd1a0dea193e6d78cf54f57b530ae87

PODFILE CHECKSUM: be3a63fb078400b67ca063c2e4f712803dbd3492

COCOAPODS: 1.5.3
