PODS:
  - Layman (0.1.1):
    - Layman/Core (= 0.1.1)
    - Layman/Operators (= 0.1.1)
    - Layman/Shorthand (= 0.1.1)
  - Layman/Core (0.1.1)
  - Layman/Operators (0.1.1)
  - Layman/Shorthand (0.1.1)

DEPENDENCIES:
  - Layman (from `../../`)

EXTERNAL SOURCES:
  Layman:
    :path: "../../"

SPEC CHECKSUMS:
  Layman: a1c9dfd0eee449c98fc00a634479e4a23ec26f26

PODFILE CHECKSUM: f9e616fe612209cf7e30b60b632705dd5e70f126

COCOAPODS: 1.5.3
