PODS:
  - Layman (0.0.8):
    - Layman/Core (= 0.0.8)
    - Layman/Operators (= 0.0.8)
    - Layman/Shorthand (= 0.0.8)
  - Layman/Core (0.0.8)
  - Layman/Operators (0.0.8)
  - Layman/Shorthand (0.0.8)

DEPENDENCIES:
  - Layman (from `../../`)

EXTERNAL SOURCES:
  Layman:
    :path: "../../"

SPEC CHECKSUMS:
  Layman: e3a500bb1bfb0bf86b937b46daff6f9a24c565e1

PODFILE CHECKSUM: f9e616fe612209cf7e30b60b632705dd5e70f126

COCOAPODS: 1.5.3
